
Microsoft Visual Studio Solution File, Format Version 12.00
# Visual Studio 14
VisualStudioVersion = 14.0.25420.1
MinimumVisualStudioVersion = 10.0.40219.1
Project("{FAE04EC0-301F-11D3-BF4B-00C04F79EFBC}") = "ProjectCIS", "ProjectCIS\ProjectCIS.csproj", "{D0605C1C-C1A3-4140-AA38-5C01387C88A1}"
EndProject
Project("{FAE04EC0-301F-11D3-BF4B-00C04F79EFBC}") = "ProjectCIS.Tests", "ProjectCIS.Tests\ProjectCIS.Tests.csproj", "{F3D079F7-DF84-4FC3-8515-615614EDD6CB}"
EndProject
Project("{FAE04EC0-301F-11D3-BF4B-00C04F79EFBC}") = "Webservice", "Webservice\Webservice.csproj", "{3E6DCD50-7E0D-4537-A2FB-B74D7F20F8C6}"
EndProject
Project("{FAE04EC0-301F-11D3-BF4B-00C04F79EFBC}") = "Webservice.Tests", "Webservice.Tests\Webservice.Tests.csproj", "{99EB24E3-A7C5-4BFB-BAFA-8C2353181857}"
EndProject
Global
	GlobalSection(SolutionConfigurationPlatforms) = preSolution
		Debug|Any CPU = Debug|Any CPU
		Release|Any CPU = Release|Any CPU
	EndGlobalSection
	GlobalSection(ProjectConfigurationPlatforms) = postSolution
		{D0605C1C-C1A3-4140-AA38-5C01387C88A1}.Debug|Any CPU.ActiveCfg = Debug|Any CPU
		{D0605C1C-C1A3-4140-AA38-5C01387C88A1}.Debug|Any CPU.Build.0 = Debug|Any CPU
		{D0605C1C-C1A3-4140-AA38-5C01387C88A1}.Release|Any CPU.ActiveCfg = Release|Any CPU
		{D0605C1C-C1A3-4140-AA38-5C01387C88A1}.Release|Any CPU.Build.0 = Release|Any CPU
		{F3D079F7-DF84-4FC3-8515-615614EDD6CB}.Debug|Any CPU.ActiveCfg = Debug|Any CPU
		{F3D079F7-DF84-4FC3-8515-615614EDD6CB}.Debug|Any CPU.Build.0 = Debug|Any CPU
		{F3D079F7-DF84-4FC3-8515-615614EDD6CB}.Release|Any CPU.ActiveCfg = Release|Any CPU
		{F3D079F7-DF84-4FC3-8515-615614EDD6CB}.Release|Any CPU.Build.0 = Release|Any CPU
		{3E6DCD50-7E0D-4537-A2FB-B74D7F20F8C6}.Debug|Any CPU.ActiveCfg = Debug|Any CPU
		{3E6DCD50-7E0D-4537-A2FB-B74D7F20F8C6}.Debug|Any CPU.Build.0 = Debug|Any CPU
		{3E6DCD50-7E0D-4537-A2FB-B74D7F20F8C6}.Release|Any CPU.ActiveCfg = Release|Any CPU
		{3E6DCD50-7E0D-4537-A2FB-B74D7F20F8C6}.Release|Any CPU.Build.0 = Release|Any CPU
		{99EB24E3-A7C5-4BFB-BAFA-8C2353181857}.Debug|Any CPU.ActiveCfg = Debug|Any CPU
		{99EB24E3-A7C5-4BFB-BAFA-8C2353181857}.Debug|Any CPU.Build.0 = Debug|Any CPU
		{99EB24E3-A7C5-4BFB-BAFA-8C2353181857}.Release|Any CPU.ActiveCfg = Release|Any CPU
		{99EB24E3-A7C5-4BFB-BAFA-8C2353181857}.Release|Any CPU.Build.0 = Release|Any CPU
	EndGlobalSection
	GlobalSection(SolutionProperties) = preSolution
		HideSolutionNode = FALSE
	EndGlobalSection
EndGlobal
